// !$*UTF8*$!
{
	archiveVersion = 1;
	classes = {
	};
	objectVersion = 46;
	objects = {

/* Begin PBXBuildFile section */
		23CD817218E4592C00372B87 /* Foundation.framework in Frameworks */ = {isa = PBXBuildFile; fileRef = 23CD817118E4592C00372B87 /* Foundation.framework */; };
		23CD817418E4592C00372B87 /* CoreGraphics.framework in Frameworks */ = {isa = PBXBuildFile; fileRef = 23CD817318E4592C00372B87 /* CoreGraphics.framework */; };
		23CD817618E4592C00372B87 /* UIKit.framework in Frameworks */ = {isa = PBXBuildFile; fileRef = 23CD817518E4592C00372B87 /* UIKit.framework */; };
		23CD817818E4592C00372B87 /* CoreData.framework in Frameworks */ = {isa = PBXBuildFile; fileRef = 23CD817718E4592C00372B87 /* CoreData.framework */; };
		23CD817E18E4592C00372B87 /* InfoPlist.strings in Resources */ = {isa = PBXBuildFile; fileRef = 23CD817C18E4592C00372B87 /* InfoPlist.strings */; };
		23CD818018E4592C00372B87 /* main.m in Sources */ = {isa = PBXBuildFile; fileRef = 23CD817F18E4592C00372B87 /* main.m */; };
		23CD818418E4592C00372B87 /* AppDelegate.m in Sources */ = {isa = PBXBuildFile; fileRef = 23CD818318E4592C00372B87 /* AppDelegate.m */; };
		23CD818718E4592C00372B87 /* mosquitoSpace.xcdatamodeld in Sources */ = {isa = PBXBuildFile; fileRef = 23CD818518E4592C00372B87 /* mosquitoSpace.xcdatamodeld */; };
		23CD818918E4592C00372B87 /* Images.xcassets in Resources */ = {isa = PBXBuildFile; fileRef = 23CD818818E4592C00372B87 /* Images.xcassets */; };
		23CD819018E4592C00372B87 /* XCTest.framework in Frameworks */ = {isa = PBXBuildFile; fileRef = 23CD818F18E4592C00372B87 /* XCTest.framework */; };
		23CD819118E4592C00372B87 /* Foundation.framework in Frameworks */ = {isa = PBXBuildFile; fileRef = 23CD817118E4592C00372B87 /* Foundation.framework */; };
		23CD819218E4592C00372B87 /* UIKit.framework in Frameworks */ = {isa = PBXBuildFile; fileRef = 23CD817518E4592C00372B87 /* UIKit.framework */; };
		23CD819318E4592C00372B87 /* CoreData.framework in Frameworks */ = {isa = PBXBuildFile; fileRef = 23CD817718E4592C00372B87 /* CoreData.framework */; };
		23CD819B18E4592C00372B87 /* InfoPlist.strings in Resources */ = {isa = PBXBuildFile; fileRef = 23CD819918E4592C00372B87 /* InfoPlist.strings */; };
		23CD819D18E4592C00372B87 /* mosquitoSpaceTests.m in Sources */ = {isa = PBXBuildFile; fileRef = 23CD819C18E4592C00372B87 /* mosquitoSpaceTests.m */; };
		23CD81AB18E45C6B00372B87 /* RootViewController.m in Sources */ = {isa = PBXBuildFile; fileRef = 23CD81AA18E45C6B00372B87 /* RootViewController.m */; };
/* End PBXBuildFile section */

/* Begin PBXContainerItemProxy section */
		23CD819418E4592C00372B87 /* PBXContainerItemProxy */ = {
			isa = PBXContainerItemProxy;
			containerPortal = 23CD816618E4592C00372B87 /* Project object */;
			proxyType = 1;
			remoteGlobalIDString = 23CD816D18E4592C00372B87;
			remoteInfo = mosquitoSpace;
		};
/* End PBXContainerItemProxy section */

/* Begin PBXFileReference section */
		23CD816E18E4592C00372B87 /* mosquitoSpace.app */ = {isa = PBXFileReference; explicitFileType = wrapper.application; includeInIndex = 0; path = mosquitoSpace.app; sourceTree = BUILT_PRODUCTS_DIR; };
		23CD817118E4592C00372B87 /* Foundation.framework */ = {isa = PBXFileReference; lastKnownFileType = wrapper.framework; name = Foundation.framework; path = System/Library/Frameworks/Foundation.framework; sourceTree = SDKROOT; };
		23CD817318E4592C00372B87 /* CoreGraphics.framework */ = {isa = PBXFileReference; lastKnownFileType = wrapper.framework; name = CoreGraphics.framework; path = System/Library/Frameworks/CoreGraphics.framework; sourceTree = SDKROOT; };
		23CD817518E4592C00372B87 /* UIKit.framework */ = {isa = PBXFileReference; lastKnownFileType = wrapper.framework; name = UIKit.framework; path = System/Library/Frameworks/UIKit.framework; sourceTree = SDKROOT; };
		23CD817718E4592C00372B87 /* CoreData.framework */ = {isa = PBXFileReference; lastKnownFileType = wrapper.framework; name = CoreData.framework; path = System/Library/Frameworks/CoreData.framework; sourceTree = SDKROOT; };
		23CD817B18E4592C00372B87 /* mosquitoSpace-Info.plist */ = {isa = PBXFileReference; lastKnownFileType = text.plist.xml; path = "mosquitoSpace-Info.plist"; sourceTree = "<group>"; };
		23CD817D18E4592C00372B87 /* en */ = {isa = PBXFileReference; lastKnownFileType = text.plist.strings; name = en; path = en.lproj/InfoPlist.strings; sourceTree = "<group>"; };
		23CD817F18E4592C00372B87 /* main.m */ = {isa = PBXFileReference; lastKnownFileType = sourcecode.c.objc; path = main.m; sourceTree = "<group>"; };
		23CD818118E4592C00372B87 /* mosquitoSpace-Prefix.pch */ = {isa = PBXFileReference; lastKnownFileType = sourcecode.c.h; path = "mosquitoSpace-Prefix.pch"; sourceTree = "<group>"; };
		23CD818218E4592C00372B87 /* AppDelegate.h */ = {isa = PBXFileReference; lastKnownFileType = sourcecode.c.h; path = AppDelegate.h; sourceTree = "<group>"; };
		23CD818318E4592C00372B87 /* AppDelegate.m */ = {isa = PBXFileReference; lastKnownFileType = sourcecode.c.objc; path = AppDelegate.m; sourceTree = "<group>"; };
		23CD818618E4592C00372B87 /* mosquitoSpace.xcdatamodel */ = {isa = PBXFileReference; lastKnownFileType = wrapper.xcdatamodel; path = mosquitoSpace.xcdatamodel; sourceTree = "<group>"; };
		23CD818818E4592C00372B87 /* Images.xcassets */ = {isa = PBXFileReference; lastKnownFileType = folder.assetcatalog; path = Images.xcassets; sourceTree = "<group>"; };
		23CD818E18E4592C00372B87 /* mosquitoSpaceTests.xctest */ = {isa = PBXFileReference; explicitFileType = wrapper.cfbundle; includeInIndex = 0; path = mosquitoSpaceTests.xctest; sourceTree = BUILT_PRODUCTS_DIR; };
		23CD818F18E4592C00372B87 /* XCTest.framework */ = {isa = PBXFileReference; lastKnownFileType = wrapper.framework; name = XCTest.framework; path = Library/Frameworks/XCTest.framework; sourceTree = DEVELOPER_DIR; };
		23CD819818E4592C00372B87 /* mosquitoSpaceTests-Info.plist */ = {isa = PBXFileReference; lastKnownFileType = text.plist.xml; path = "mosquitoSpaceTests-Info.plist"; sourceTree = "<group>"; };
		23CD819A18E4592C00372B87 /* en */ = {isa = PBXFileReference; lastKnownFileType = text.plist.strings; name = en; path = en.lproj/InfoPlist.strings; sourceTree = "<group>"; };
		23CD819C18E4592C00372B87 /* mosquitoSpaceTests.m */ = {isa = PBXFileReference; lastKnownFileType = sourcecode.c.objc; path = mosquitoSpaceTests.m; sourceTree = "<group>"; };
		23CD81A918E45C6B00372B87 /* RootViewController.h */ = {isa = PBXFileReference; fileEncoding = 4; lastKnownFileType = sourcecode.c.h; path = RootViewController.h; sourceTree = "<group>"; };
		23CD81AA18E45C6B00372B87 /* RootViewController.m */ = {isa = PBXFileReference; fileEncoding = 4; lastKnownFileType = sourcecode.c.objc; path = RootViewController.m; sourceTree = "<group>"; };
/* End PBXFileReference section */

/* Begin PBXFrameworksBuildPhase section */
		23CD816B18E4592C00372B87 /* Frameworks */ = {
			isa = PBXFrameworksBuildPhase;
			buildActionMask = 2147483647;
			files = (
				23CD817418E4592C00372B87 /* CoreGraphics.framework in Frameworks */,
				23CD817818E4592C00372B87 /* CoreData.framework in Frameworks */,
				23CD817618E4592C00372B87 /* UIKit.framework in Frameworks */,
				23CD817218E4592C00372B87 /* Foundation.framework in Frameworks */,
			);
			runOnlyForDeploymentPostprocessing = 0;
		};
		23CD818B18E4592C00372B87 /* Frameworks */ = {
			isa = PBXFrameworksBuildPhase;
			buildActionMask = 2147483647;
			files = (
				23CD819018E4592C00372B87 /* XCTest.framework in Frameworks */,
				23CD819318E4592C00372B87 /* CoreData.framework in Frameworks */,
				23CD819218E4592C00372B87 /* UIKit.framework in Frameworks */,
				23CD819118E4592C00372B87 /* Foundation.framework in Frameworks */,
			);
			runOnlyForDeploymentPostprocessing = 0;
		};
/* End PBXFrameworksBuildPhase section */

/* Begin PBXGroup section */
		23CD816518E4592C00372B87 = {
			isa = PBXGroup;
			children = (
				23CD81A918E45C6B00372B87 /* RootViewController.h */,
				23CD81AA18E45C6B00372B87 /* RootViewController.m */,
				23CD817918E4592C00372B87 /* mosquitoSpace */,
				23CD819618E4592C00372B87 /* mosquitoSpaceTests */,
				23CD817018E4592C00372B87 /* Frameworks */,
				23CD816F18E4592C00372B87 /* Products */,
			);
			sourceTree = "<group>";
		};
		23CD816F18E4592C00372B87 /* Products */ = {
			isa = PBXGroup;
			children = (
				23CD816E18E4592C00372B87 /* mosquitoSpace.app */,
				23CD818E18E4592C00372B87 /* mosquitoSpaceTests.xctest */,
			);
			name = Products;
			sourceTree = "<group>";
		};
		23CD817018E4592C00372B87 /* Frameworks */ = {
			isa = PBXGroup;
			children = (
				23CD817118E4592C00372B87 /* Foundation.framework */,
				23CD817318E4592C00372B87 /* CoreGraphics.framework */,
				23CD817518E4592C00372B87 /* UIKit.framework */,
				23CD817718E4592C00372B87 /* CoreData.framework */,
				23CD818F18E4592C00372B87 /* XCTest.framework */,
			);
			name = Frameworks;
			sourceTree = "<group>";
		};
		23CD817918E4592C00372B87 /* mosquitoSpace */ = {
			isa = PBXGroup;
			children = (
				23CD818218E4592C00372B87 /* AppDelegate.h */,
				23CD818318E4592C00372B87 /* AppDelegate.m */,
				23CD818818E4592C00372B87 /* Images.xcassets */,
				23CD818518E4592C00372B87 /* mosquitoSpace.xcdatamodeld */,
				23CD817A18E4592C00372B87 /* Supporting Files */,
			);
			path = mosquitoSpace;
			sourceTree = "<group>";
		};
		23CD817A18E4592C00372B87 /* Supporting Files */ = {
			isa = PBXGroup;
			children = (
				23CD817B18E4592C00372B87 /* mosquitoSpace-Info.plist */,
				23CD817C18E4592C00372B87 /* InfoPlist.strings */,
				23CD817F18E4592C00372B87 /* main.m */,
				23CD818118E4592C00372B87 /* mosquitoSpace-Prefix.pch */,
			);
			name = "Supporting Files";
			sourceTree = "<group>";
		};
		23CD819618E4592C00372B87 /* mosquitoSpaceTests */ = {
			isa = PBXGroup;
			children = (
				23CD819C18E4592C00372B87 /* mosquitoSpaceTests.m */,
				23CD819718E4592C00372B87 /* Supporting Files */,
			);
			path = mosquitoSpaceTests;
			sourceTree = "<group>";
		};
		23CD819718E4592C00372B87 /* Supporting Files */ = {
			isa = PBXGroup;
			children = (
				23CD819818E4592C00372B87 /* mosquitoSpaceTests-Info.plist */,
				23CD819918E4592C00372B87 /* InfoPlist.strings */,
			);
			name = "Supporting Files";
			sourceTree = "<group>";
		};
/* End PBXGroup section */

/* Begin PBXNativeTarget section */
		23CD816D18E4592C00372B87 /* mosquitoSpace */ = {
			isa = PBXNativeTarget;
			buildConfigurationList = 23CD81A018E4592C00372B87 /* Build configuration list for PBXNativeTarget "mosquitoSpace" */;
			buildPhases = (
				23CD816A18E4592C00372B87 /* Sources */,
				23CD816B18E4592C00372B87 /* Frameworks */,
				23CD816C18E4592C00372B87 /* Resources */,
			);
			buildRules = (
			);
			dependencies = (
			);
			name = mosquitoSpace;
			productName = mosquitoSpace;
			productReference = 23CD816E18E4592C00372B87 /* mosquitoSpace.app */;
			productType = "com.apple.product-type.application";
		};
		23CD818D18E4592C00372B87 /* mosquitoSpaceTests */ = {
			isa = PBXNativeTarget;
			buildConfigurationList = 23CD81A318E4592C00372B87 /* Build configuration list for PBXNativeTarget "mosquitoSpaceTests" */;
			buildPhases = (
				23CD818A18E4592C00372B87 /* Sources */,
				23CD818B18E4592C00372B87 /* Frameworks */,
				23CD818C18E4592C00372B87 /* Resources */,
			);
			buildRules = (
			);
			dependencies = (
				23CD819518E4592C00372B87 /* PBXTargetDependency */,
			);
			name = mosquitoSpaceTests;
			productName = mosquitoSpaceTests;
			productReference = 23CD818E18E4592C00372B87 /* mosquitoSpaceTests.xctest */;
			productType = "com.apple.product-type.bundle.unit-test";
		};
/* End PBXNativeTarget section */

/* Begin PBXProject section */
		23CD816618E4592C00372B87 /* Project object */ = {
			isa = PBXProject;
			attributes = {
				LastUpgradeCheck = 0510;
				ORGANIZATIONNAME = win;
				TargetAttributes = {
					23CD818D18E4592C00372B87 = {
						TestTargetID = 23CD816D18E4592C00372B87;
					};
				};
			};
			buildConfigurationList = 23CD816918E4592C00372B87 /* Build configuration list for PBXProject "mosquitoSpace" */;
			compatibilityVersion = "Xcode 3.2";
			developmentRegion = English;
			hasScannedForEncodings = 0;
			knownRegions = (
				en,
			);
			mainGroup = 23CD816518E4592C00372B87;
			productRefGroup = 23CD816F18E4592C00372B87 /* Products */;
			projectDirPath = "";
			projectRoot = "";
			targets = (
				23CD816D18E4592C00372B87 /* mosquitoSpace */,
				23CD818D18E4592C00372B87 /* mosquitoSpaceTests */,
			);
		};
/* End PBXProject section */

/* Begin PBXResourcesBuildPhase section */
		23CD816C18E4592C00372B87 /* Resources */ = {
			isa = PBXResourcesBuildPhase;
			buildActionMask = 2147483647;
			files = (
				23CD817E18E4592C00372B87 /* InfoPlist.strings in Resources */,
				23CD818918E4592C00372B87 /* Images.xcassets in Resources */,
			);
			runOnlyForDeploymentPostprocessing = 0;
		};
		23CD818C18E4592C00372B87 /* Resources */ = {
			isa = PBXResourcesBuildPhase;
			buildActionMask = 2147483647;
			files = (
				23CD819B18E4592C00372B87 /* InfoPlist.strings in Resources */,
			);
			runOnlyForDeploymentPostprocessing = 0;
		};
/* End PBXResourcesBuildPhase section */

/* Begin PBXSourcesBuildPhase section */
		23CD816A18E4592C00372B87 /* Sources */ = {
			isa = PBXSourcesBuildPhase;
			buildActionMask = 2147483647;
			files = (
				23CD818418E4592C00372B87 /* AppDelegate.m in Sources */,
				23CD818718E4592C00372B87 /* mosquitoSpace.xcdatamodeld in Sources */,
				23CD81AB18E45C6B00372B87 /* RootViewController.m in Sources */,
				23CD818018E4592C00372B87 /* main.m in Sources */,
			);
			runOnlyForDeploymentPostprocessing = 0;
		};
		23CD818A18E4592C00372B87 /* Sources */ = {
			isa = PBXSourcesBuildPhase;
			buildActionMask = 2147483647;
			files = (
				23CD819D18E4592C00372B87 /* mosquitoSpaceTests.m in Sources */,
			);
			runOnlyForDeploymentPostprocessing = 0;
		};
/* End PBXSourcesBuildPhase section */

/* Begin PBXTargetDependency section */
		23CD819518E4592C00372B87 /* PBXTargetDependency */ = {
			isa = PBXTargetDependency;
			target = 23CD816D18E4592C00372B87 /* mosquitoSpace */;
			targetProxy = 23CD819418E4592C00372B87 /* PBXContainerItemProxy */;
		};
/* End PBXTargetDependency section */

/* Begin PBXVariantGroup section */
		23CD817C18E4592C00372B87 /* InfoPlist.strings */ = {
			isa = PBXVariantGroup;
			children = (
				23CD817D18E4592C00372B87 /* en */,
			);
			name = InfoPlist.strings;
			sourceTree = "<group>";
		};
		23CD819918E4592C00372B87 /* InfoPlist.strings */ = {
			isa = PBXVariantGroup;
			children = (
				23CD819A18E4592C00372B87 /* en */,
			);
			name = InfoPlist.strings;
			sourceTree = "<group>";
		};
/* End PBXVariantGroup section */

/* Begin XCBuildConfiguration section */
		23CD819E18E4592C00372B87 /* Debug */ = {
			isa = XCBuildConfiguration;
			buildSettings = {
				ALWAYS_SEARCH_USER_PATHS = NO;
				CLANG_CXX_LANGUAGE_STANDARD = "gnu++0x";
				CLANG_CXX_LIBRARY = "libc++";
				CLANG_ENABLE_MODULES = YES;
				CLANG_ENABLE_OBJC_ARC = YES;
				CLANG_WARN_BOOL_CONVERSION = YES;
				CLANG_WARN_CONSTANT_CONVERSION = YES;
				CLANG_WARN_DIRECT_OBJC_ISA_USAGE = YES_ERROR;
				CLANG_WARN_EMPTY_BODY = YES;
				CLANG_WARN_ENUM_CONVERSION = YES;
				CLANG_WARN_INT_CONVERSION = YES;
				CLANG_WARN_OBJC_ROOT_CLASS = YES_ERROR;
				CLANG_WARN__DUPLICATE_METHOD_MATCH = YES;
				"CODE_SIGN_IDENTITY[sdk=iphoneos*]" = "iPhone Developer";
				COPY_PHASE_STRIP = NO;
				GCC_C_LANGUAGE_STANDARD = gnu99;
				GCC_DYNAMIC_NO_PIC = NO;
				GCC_OPTIMIZATION_LEVEL = 0;
				GCC_PREPROCESSOR_DEFINITIONS = (
					"DEBUG=1",
					"$(inherited)",
				);
				GCC_SYMBOLS_PRIVATE_EXTERN = NO;
				GCC_WARN_64_TO_32_BIT_CONVERSION = YES;
				GCC_WARN_ABOUT_RETURN_TYPE = YES_ERROR;
				GCC_WARN_UNDECLARED_SELECTOR = YES;
				GCC_WARN_UNINITIALIZED_AUTOS = YES_AGGRESSIVE;
				GCC_WARN_UNUSED_FUNCTION = YES;
				GCC_WARN_UNUSED_VARIABLE = YES;
				IPHONEOS_DEPLOYMENT_TARGET = 7.1;
				ONLY_ACTIVE_ARCH = YES;
				SDKROOT = iphoneos;
			};
			name = Debug;
		};
		23CD819F18E4592C00372B87 /* Release */ = {
			isa = XCBuildConfiguration;
			buildSettings = {
				ALWAYS_SEARCH_USER_PATHS = NO;
				CLANG_CXX_LANGUAGE_STANDARD = "gnu++0x";
				CLANG_CXX_LIBRARY = "libc++";
				CLANG_ENABLE_MODULES = YES;
				CLANG_ENABLE_OBJC_ARC = YES;
				CLANG_WARN_BOOL_CONVERSION = YES;
				CLANG_WARN_CONSTANT_CONVERSION = YES;
				CLANG_WARN_DIRECT_OBJC_ISA_USAGE = YES_ERROR;
				CLANG_WARN_EMPTY_BODY = YES;
				CLANG_WARN_ENUM_CONVERSION = YES;
				CLANG_WARN_INT_CONVERSION = YES;
				CLANG_WARN_OBJC_ROOT_CLASS = YES_ERROR;
				CLANG_WARN__DUPLICATE_METHOD_MATCH = YES;
				"CODE_SIGN_IDENTITY[sdk=iphoneos*]" = "iPhone Developer";
				COPY_PHASE_STRIP = YES;
				ENABLE_NS_ASSERTIONS = NO;
				GCC_C_LANGUAGE_STANDARD = gnu99;
				GCC_WARN_64_TO_32_BIT_CONVERSION = YES;
				GCC_WARN_ABOUT_RETURN_TYPE = YES_ERROR;
				GCC_WARN_UNDECLARED_SELECTOR = YES;
				GCC_WARN_UNINITIALIZED_AUTOS = YES_AGGRESSIVE;
				GCC_WARN_UNUSED_FUNCTION = YES;
				GCC_WARN_UNUSED_VARIABLE = YES;
				IPHONEOS_DEPLOYMENT_TARGET = 7.1;
				SDKROOT = iphoneos;
				VALIDATE_PRODUCT = YES;
			};
			name = Release;
		};
		23CD81A118E4592C00372B87 /* Debug */ = {
			isa = XCBuildConfiguration;
			buildSettings = {
				ASSETCATALOG_COMPILER_APPICON_NAME = AppIcon;
				ASSETCATALOG_COMPILER_LAUNCHIMAGE_NAME = LaunchImage;
				GCC_PRECOMPILE_PREFIX_HEADER = YES;
				GCC_PREFIX_HEADER = "mosquitoSpace/mosquitoSpace-Prefix.pch";
				INFOPLIST_FILE = "mosquitoSpace/mosquitoSpace-Info.plist";
				PRODUCT_NAME = "$(TARGET_NAME)";
				WRAPPER_EXTENSION = app;
			};
			name = Debug;
		};
		23CD81A218E4592C00372B87 /* Release */ = {
			isa = XCBuildConfiguration;
			buildSettings = {
				ASSETCATALOG_COMPILER_APPICON_NAME = AppIcon;
				ASSETCATALOG_COMPILER_LAUNCHIMAGE_NAME = LaunchImage;
				GCC_PRECOMPILE_PREFIX_HEADER = YES;
				GCC_PREFIX_HEADER = "mosquitoSpace/mosquitoSpace-Prefix.pch";
				INFOPLIST_FILE = "mosquitoSpace/mosquitoSpace-Info.plist";
				PRODUCT_NAME = "$(TARGET_NAME)";
				WRAPPER_EXTENSION = app;
			};
			name = Release;
		};
		23CD81A418E4592C00372B87 /* Debug */ = {
			isa = XCBuildConfiguration;
			buildSettings = {
				BUNDLE_LOADER = "$(BUILT_PRODUCTS_DIR)/mosquitoSpace.app/mosquitoSpace";
				FRAMEWORK_SEARCH_PATHS = (
					"$(SDKROOT)/Developer/Library/Frameworks",
					"$(inherited)",
					"$(DEVELOPER_FRAMEWORKS_DIR)",
				);
				GCC_PRECOMPILE_PREFIX_HEADER = YES;
				GCC_PREFIX_HEADER = "mosquitoSpace/mosquitoSpace-Prefix.pch";
				GCC_PREPROCESSOR_DEFINITIONS = (
					"DEBUG=1",
					"$(inherited)",
				);
				INFOPLIST_FILE = "mosquitoSpaceTests/mosquitoSpaceTests-Info.plist";
				PRODUCT_NAME = "$(TARGET_NAME)";
				TEST_HOST = "$(BUNDLE_LOADER)";
				WRAPPER_EXTENSION = xctest;
			};
			name = Debug;
		};
		23CD81A518E4592C00372B87 /* Release */ = {
			isa = XCBuildConfiguration;
			buildSettings = {
				BUNDLE_LOADER = "$(BUILT_PRODUCTS_DIR)/mosquitoSpace.app/mosquitoSpace";
				FRAMEWORK_SEARCH_PATHS = (
					"$(SDKROOT)/Developer/Library/Frameworks",
					"$(inherited)",
					"$(DEVELOPER_FRAMEWORKS_DIR)",
				);
				GCC_PRECOMPILE_PREFIX_HEADER = YES;
				GCC_PREFIX_HEADER = "mosquitoSpace/mosquitoSpace-Prefix.pch";
				INFOPLIST_FILE = "mosquitoSpaceTests/mosquitoSpaceTests-Info.plist";
				PRODUCT_NAME = "$(TARGET_NAME)";
				TEST_HOST = "$(BUNDLE_LOADER)";
				WRAPPER_EXTENSION = xctest;
			};
			name = Release;
		};
/* End XCBuildConfiguration section */

/* Begin XCConfigurationList section */
		23CD816918E4592C00372B87 /* Build configuration list for PBXProject "mosquitoSpace" */ = {
			isa = XCConfigurationList;
			buildConfigurations = (
				23CD819E18E4592C00372B87 /* Debug */,
				23CD819F18E4592C00372B87 /* Release */,
			);
			defaultConfigurationIsVisible = 0;
			defaultConfigurationName = Release;
		};
		23CD81A018E4592C00372B87 /* Build configuration list for PBXNativeTarget "mosquitoSpace" */ = {
			isa = XCConfigurationList;
			buildConfigurations = (
				23CD81A118E4592C00372B87 /* Debug */,
				23CD81A218E4592C00372B87 /* Release */,
			);
			defaultConfigurationIsVisible = 0;
			defaultConfigurationName = Release;
		};
		23CD81A318E4592C00372B87 /* Build configuration list for PBXNativeTarget "mosquitoSpaceTests" */ = {
			isa = XCConfigurationList;
			buildConfigurations = (
				23CD81A418E4592C00372B87 /* Debug */,
				23CD81A518E4592C00372B87 /* Release */,
			);
			defaultConfigurationIsVisible = 0;
			defaultConfigurationName = Release;
		};
/* End XCConfigurationList section */

/* Begin XCVersionGroup section */
		23CD818518E4592C00372B87 /* mosquitoSpace.xcdatamodeld */ = {
			isa = XCVersionGroup;
			children = (
				23CD818618E4592C00372B87 /* mosquitoSpace.xcdatamodel */,
			);
			currentVersion = 23CD818618E4592C00372B87 /* mosquitoSpace.xcdatamodel */;
			path = mosquitoSpace.xcdatamodeld;
			sourceTree = "<group>";
			versionGroupType = wrapper.xcdatamodel;
		};
/* End XCVersionGroup section */
	};
	rootObject = 23CD816618E4592C00372B87 /* Project object */;
}
